
Microsoft Visual Studio Solution File, Format Version 12.00
# Visual Studio Version 17
VisualStudioVersion = 17.0.31903.59
MinimumVisualStudioVersion = 10.0.40219.1
Project("{2150E333-8FDC-42A3-9474-1A3956D46DE8}") = "src", "src", "{2C4252D2-6F10-4D05-842B-2E09CCBA7591}"
EndProject
Project("{2150E333-8FDC-42A3-9474-1A3956D46DE8}") = "Shared", "Shared", "{820AD640-FAA4-4EE6-892A-261972099F1F}"
EndProject
Project("{FAE04EC0-301F-11D3-BF4B-00C04F79EFBC}") = "SpotifyDataAnalysis.SharedKernel", "src\Shared\SpotifyDataAnalysis.SharedKernel\SpotifyDataAnalysis.SharedKernel.csproj", "{7035791B-3C04-4438-B68C-8DCB87722990}"
EndProject
Project("{FAE04EC0-301F-11D3-BF4B-00C04F79EFBC}") = "SpotifyDataAnalysis.Infrastructure", "src\Shared\SpotifyDataAnalysis.Infrastructure\SpotifyDataAnalysis.Infrastructure.csproj", "{68AE9BC6-4B0B-45E0-AC63-9307CFFCA857}"
EndProject
Project("{2150E333-8FDC-42A3-9474-1A3956D46DE8}") = "Host", "Host", "{1E8A8BB0-3CAD-433B-9153-ED6C2DF8BB35}"
EndProject
Project("{FAE04EC0-301F-11D3-BF4B-00C04F79EFBC}") = "SpotifyDataAnalysis.Api", "src\Host\SpotifyDataAnalysis.Api\SpotifyDataAnalysis.Api.csproj", "{11D17B0C-0680-4380-A45A-52ADB5C0F183}"
EndProject
Project("{2150E333-8FDC-42A3-9474-1A3956D46DE8}") = "Jobs", "Jobs", "{CA76C046-1529-4A2D-9DA7-89CE02076C4B}"
EndProject
Project("{FAE04EC0-301F-11D3-BF4B-00C04F79EFBC}") = "SpotifyDataAnalysis.Jobs", "src\Jobs\SpotifyDataAnalysis.Jobs\SpotifyDataAnalysis.Jobs.csproj", "{60651E96-1806-4F0F-9E8C-6C00E89EFDAC}"
EndProject
Project("{2150E333-8FDC-42A3-9474-1A3956D46DE8}") = "tests", "tests", "{58B40D1B-742B-42CB-90F6-5B4E086F0D95}"
EndProject
Project("{FAE04EC0-301F-11D3-BF4B-00C04F79EFBC}") = "SpotifyDataAnalysis.ArchitectureTests", "tests\SpotifyDataAnalysis.ArchitectureTests\SpotifyDataAnalysis.ArchitectureTests.csproj", "{1D247067-2FA6-47B7-81C2-057872F7A9B6}"
EndProject
Project("{FAE04EC0-301F-11D3-BF4B-00C04F79EFBC}") = "SpotifyDataAnalysis.SharedKernel.Tests", "tests\SpotifyDataAnalysis.SharedKernel.Tests\SpotifyDataAnalysis.SharedKernel.Tests.csproj", "{53E0D5B3-B5ED-4491-916F-24E55AC458FC}"
EndProject
Project("{2150E333-8FDC-42A3-9474-1A3956D46DE8}") = "Modules", "Modules", "{0F377722-1F2F-422C-AC6A-D50EE75B5FBE}"
EndProject
Project("{2150E333-8FDC-42A3-9474-1A3956D46DE8}") = "Catalog", "Catalog", "{3CD17E4E-E13F-4676-A0F9-E5945698BD9C}"
EndProject
Project("{FAE04EC0-301F-11D3-BF4B-00C04F79EFBC}") = "SpotifyDataAnalysis.Modules.Catalog.Domain", "src\Modules\Catalog\SpotifyDataAnalysis.Modules.Catalog.Domain\SpotifyDataAnalysis.Modules.Catalog.Domain.csproj", "{B2DA9EC7-B175-4B5D-8A3B-C0D65A1B1727}"
EndProject
Project("{FAE04EC0-301F-11D3-BF4B-00C04F79EFBC}") = "SpotifyDataAnalysis.Modules.Catalog.Contracts", "src\Modules\Catalog\SpotifyDataAnalysis.Modules.Catalog.Contracts\SpotifyDataAnalysis.Modules.Catalog.Contracts.csproj", "{F06C0E0B-6EA3-4157-B9FD-9C798129AE7B}"
EndProject
Project("{FAE04EC0-301F-11D3-BF4B-00C04F79EFBC}") = "SpotifyDataAnalysis.Modules.Catalog.Application", "src\Modules\Catalog\SpotifyDataAnalysis.Modules.Catalog.Application\SpotifyDataAnalysis.Modules.Catalog.Application.csproj", "{34B70CFA-B6A9-4061-9DB2-184A14D07FDD}"
EndProject
Project("{FAE04EC0-301F-11D3-BF4B-00C04F79EFBC}") = "SpotifyDataAnalysis.Modules.Catalog.Infrastructure", "src\Modules\Catalog\SpotifyDataAnalysis.Modules.Catalog.Infrastructure\SpotifyDataAnalysis.Modules.Catalog.Infrastructure.csproj", "{BE50BA97-6936-43D0-A2AC-88C16791A9C0}"
EndProject
Project("{FAE04EC0-301F-11D3-BF4B-00C04F79EFBC}") = "SpotifyDataAnalysis.Modules.Catalog.Tests", "tests\SpotifyDataAnalysis.Modules.Catalog.Tests\SpotifyDataAnalysis.Modules.Catalog.Tests.csproj", "{BCDD60A3-CA2F-4DC5-BAC1-F4CBD137FFE0}"
EndProject
Project("{FAE04EC0-301F-11D3-BF4B-00C04F79EFBC}") = "SpotifyDataAnalysis.Jobs.Tests", "tests\SpotifyDataAnalysis.Jobs.Tests\SpotifyDataAnalysis.Jobs.Tests.csproj", "{3D9AF6C1-E87D-40E7-8CA5-1990D0FB4B3C}"
EndProject
Global
	GlobalSection(SolutionConfigurationPlatforms) = preSolution
		Debug|Any CPU = Debug|Any CPU
		Release|Any CPU = Release|Any CPU
	EndGlobalSection
	GlobalSection(SolutionProperties) = preSolution
		HideSolutionNode = FALSE
	EndGlobalSection
	GlobalSection(ProjectConfigurationPlatforms) = postSolution
		{7035791B-3C04-4438-B68C-8DCB87722990}.Debug|Any CPU.ActiveCfg = Debug|Any CPU
		{7035791B-3C04-4438-B68C-8DCB87722990}.Debug|Any CPU.Build.0 = Debug|Any CPU
		{7035791B-3C04-4438-B68C-8DCB87722990}.Release|Any CPU.ActiveCfg = Release|Any CPU
		{7035791B-3C04-4438-B68C-8DCB87722990}.Release|Any CPU.Build.0 = Release|Any CPU
		{68AE9BC6-4B0B-45E0-AC63-9307CFFCA857}.Debug|Any CPU.ActiveCfg = Debug|Any CPU
		{68AE9BC6-4B0B-45E0-AC63-9307CFFCA857}.Debug|Any CPU.Build.0 = Debug|Any CPU
		{68AE9BC6-4B0B-45E0-AC63-9307CFFCA857}.Release|Any CPU.ActiveCfg = Release|Any CPU
		{68AE9BC6-4B0B-45E0-AC63-9307CFFCA857}.Release|Any CPU.Build.0 = Release|Any CPU
		{11D17B0C-0680-4380-A45A-52ADB5C0F183}.Debug|Any CPU.ActiveCfg = Debug|Any CPU
		{11D17B0C-0680-4380-A45A-52ADB5C0F183}.Debug|Any CPU.Build.0 = Debug|Any CPU
		{11D17B0C-0680-4380-A45A-52ADB5C0F183}.Release|Any CPU.ActiveCfg = Release|Any CPU
		{11D17B0C-0680-4380-A45A-52ADB5C0F183}.Release|Any CPU.Build.0 = Release|Any CPU
		{60651E96-1806-4F0F-9E8C-6C00E89EFDAC}.Debug|Any CPU.ActiveCfg = Debug|Any CPU
		{60651E96-1806-4F0F-9E8C-6C00E89EFDAC}.Debug|Any CPU.Build.0 = Debug|Any CPU
		{60651E96-1806-4F0F-9E8C-6C00E89EFDAC}.Release|Any CPU.ActiveCfg = Release|Any CPU
		{60651E96-1806-4F0F-9E8C-6C00E89EFDAC}.Release|Any CPU.Build.0 = Release|Any CPU
		{1D247067-2FA6-47B7-81C2-057872F7A9B6}.Debug|Any CPU.ActiveCfg = Debug|Any CPU
		{1D247067-2FA6-47B7-81C2-057872F7A9B6}.Debug|Any CPU.Build.0 = Debug|Any CPU
		{1D247067-2FA6-47B7-81C2-057872F7A9B6}.Release|Any CPU.ActiveCfg = Release|Any CPU
		{1D247067-2FA6-47B7-81C2-057872F7A9B6}.Release|Any CPU.Build.0 = Release|Any CPU
		{53E0D5B3-B5ED-4491-916F-24E55AC458FC}.Debug|Any CPU.ActiveCfg = Debug|Any CPU
		{53E0D5B3-B5ED-4491-916F-24E55AC458FC}.Debug|Any CPU.Build.0 = Debug|Any CPU
		{53E0D5B3-B5ED-4491-916F-24E55AC458FC}.Release|Any CPU.ActiveCfg = Release|Any CPU
		{53E0D5B3-B5ED-4491-916F-24E55AC458FC}.Release|Any CPU.Build.0 = Release|Any CPU
		{B2DA9EC7-B175-4B5D-8A3B-C0D65A1B1727}.Debug|Any CPU.ActiveCfg = Debug|Any CPU
		{B2DA9EC7-B175-4B5D-8A3B-C0D65A1B1727}.Debug|Any CPU.Build.0 = Debug|Any CPU
		{B2DA9EC7-B175-4B5D-8A3B-C0D65A1B1727}.Release|Any CPU.ActiveCfg = Release|Any CPU
		{B2DA9EC7-B175-4B5D-8A3B-C0D65A1B1727}.Release|Any CPU.Build.0 = Release|Any CPU
		{F06C0E0B-6EA3-4157-B9FD-9C798129AE7B}.Debug|Any CPU.ActiveCfg = Debug|Any CPU
		{F06C0E0B-6EA3-4157-B9FD-9C798129AE7B}.Debug|Any CPU.Build.0 = Debug|Any CPU
		{F06C0E0B-6EA3-4157-B9FD-9C798129AE7B}.Release|Any CPU.ActiveCfg = Release|Any CPU
		{F06C0E0B-6EA3-4157-B9FD-9C798129AE7B}.Release|Any CPU.Build.0 = Release|Any CPU
		{34B70CFA-B6A9-4061-9DB2-184A14D07FDD}.Debug|Any CPU.ActiveCfg = Debug|Any CPU
		{34B70CFA-B6A9-4061-9DB2-184A14D07FDD}.Debug|Any CPU.Build.0 = Debug|Any CPU
		{34B70CFA-B6A9-4061-9DB2-184A14D07FDD}.Release|Any CPU.ActiveCfg = Release|Any CPU
		{34B70CFA-B6A9-4061-9DB2-184A14D07FDD}.Release|Any CPU.Build.0 = Release|Any CPU
		{BE50BA97-6936-43D0-A2AC-88C16791A9C0}.Debug|Any CPU.ActiveCfg = Debug|Any CPU
		{BE50BA97-6936-43D0-A2AC-88C16791A9C0}.Debug|Any CPU.Build.0 = Debug|Any CPU
		{BE50BA97-6936-43D0-A2AC-88C16791A9C0}.Release|Any CPU.ActiveCfg = Release|Any CPU
		{BE50BA97-6936-43D0-A2AC-88C16791A9C0}.Release|Any CPU.Build.0 = Release|Any CPU
		{BCDD60A3-CA2F-4DC5-BAC1-F4CBD137FFE0}.Debug|Any CPU.ActiveCfg = Debug|Any CPU
		{BCDD60A3-CA2F-4DC5-BAC1-F4CBD137FFE0}.Debug|Any CPU.Build.0 = Debug|Any CPU
		{BCDD60A3-CA2F-4DC5-BAC1-F4CBD137FFE0}.Release|Any CPU.ActiveCfg = Release|Any CPU
		{BCDD60A3-CA2F-4DC5-BAC1-F4CBD137FFE0}.Release|Any CPU.Build.0 = Release|Any CPU
		{3D9AF6C1-E87D-40E7-8CA5-1990D0FB4B3C}.Debug|Any CPU.ActiveCfg = Debug|Any CPU
		{3D9AF6C1-E87D-40E7-8CA5-1990D0FB4B3C}.Debug|Any CPU.Build.0 = Debug|Any CPU
		{3D9AF6C1-E87D-40E7-8CA5-1990D0FB4B3C}.Release|Any CPU.ActiveCfg = Release|Any CPU
		{3D9AF6C1-E87D-40E7-8CA5-1990D0FB4B3C}.Release|Any CPU.Build.0 = Release|Any CPU
	EndGlobalSection
	GlobalSection(NestedProjects) = preSolution
		{820AD640-FAA4-4EE6-892A-261972099F1F} = {2C4252D2-6F10-4D05-842B-2E09CCBA7591}
		{7035791B-3C04-4438-B68C-8DCB87722990} = {820AD640-FAA4-4EE6-892A-261972099F1F}
		{68AE9BC6-4B0B-45E0-AC63-9307CFFCA857} = {820AD640-FAA4-4EE6-892A-261972099F1F}
		{1E8A8BB0-3CAD-433B-9153-ED6C2DF8BB35} = {2C4252D2-6F10-4D05-842B-2E09CCBA7591}
		{11D17B0C-0680-4380-A45A-52ADB5C0F183} = {1E8A8BB0-3CAD-433B-9153-ED6C2DF8BB35}
		{CA76C046-1529-4A2D-9DA7-89CE02076C4B} = {2C4252D2-6F10-4D05-842B-2E09CCBA7591}
		{60651E96-1806-4F0F-9E8C-6C00E89EFDAC} = {CA76C046-1529-4A2D-9DA7-89CE02076C4B}
		{1D247067-2FA6-47B7-81C2-057872F7A9B6} = {58B40D1B-742B-42CB-90F6-5B4E086F0D95}
		{53E0D5B3-B5ED-4491-916F-24E55AC458FC} = {58B40D1B-742B-42CB-90F6-5B4E086F0D95}
		{0F377722-1F2F-422C-AC6A-D50EE75B5FBE} = {2C4252D2-6F10-4D05-842B-2E09CCBA7591}
		{3CD17E4E-E13F-4676-A0F9-E5945698BD9C} = {0F377722-1F2F-422C-AC6A-D50EE75B5FBE}
		{B2DA9EC7-B175-4B5D-8A3B-C0D65A1B1727} = {3CD17E4E-E13F-4676-A0F9-E5945698BD9C}
		{F06C0E0B-6EA3-4157-B9FD-9C798129AE7B} = {3CD17E4E-E13F-4676-A0F9-E5945698BD9C}
		{34B70CFA-B6A9-4061-9DB2-184A14D07FDD} = {3CD17E4E-E13F-4676-A0F9-E5945698BD9C}
		{BE50BA97-6936-43D0-A2AC-88C16791A9C0} = {3CD17E4E-E13F-4676-A0F9-E5945698BD9C}
		{BCDD60A3-CA2F-4DC5-BAC1-F4CBD137FFE0} = {58B40D1B-742B-42CB-90F6-5B4E086F0D95}
		{3D9AF6C1-E87D-40E7-8CA5-1990D0FB4B3C} = {58B40D1B-742B-42CB-90F6-5B4E086F0D95}
	EndGlobalSection
EndGlobal
